
Microsoft Visual Studio Solution File, Format Version 12.00
# Visual Studio Version 17
VisualStudioVersion = 17.8.34322.80
MinimumVisualStudioVersion = 10.0.40219.1
Project("{FAE04EC0-301F-11D3-BF4B-00C04F79EFBC}") = "AddressBookApp.Server", "AddressBookApp.Server\AddressBookApp.Server.csproj", "{0FF44C68-F261-41AF-9BC0-CB27117978E6}"
EndProject
Project("{54A90642-561A-4BB1-A94E-469ADEE60C69}") = "addressbookapp.client", "addressbookapp.client\addressbookapp.client.esproj", "{37F4A013-A910-4BEB-9BC9-666898F91978}"
EndProject
Global
	GlobalSection(SolutionConfigurationPlatforms) = preSolution
		Debug|Any CPU = Debug|Any CPU
		Release|Any CPU = Release|Any CPU
	EndGlobalSection
	GlobalSection(ProjectConfigurationPlatforms) = postSolution
		{0FF44C68-F261-41AF-9BC0-CB27117978E6}.Debug|Any CPU.ActiveCfg = Debug|Any CPU
		{0FF44C68-F261-41AF-9BC0-CB27117978E6}.Debug|Any CPU.Build.0 = Debug|Any CPU
		{0FF44C68-F261-41AF-9BC0-CB27117978E6}.Release|Any CPU.ActiveCfg = Release|Any CPU
		{0FF44C68-F261-41AF-9BC0-CB27117978E6}.Release|Any CPU.Build.0 = Release|Any CPU
		{37F4A013-A910-4BEB-9BC9-666898F91978}.Debug|Any CPU.ActiveCfg = Debug|Any CPU
		{37F4A013-A910-4BEB-9BC9-666898F91978}.Debug|Any CPU.Build.0 = Debug|Any CPU
		{37F4A013-A910-4BEB-9BC9-666898F91978}.Debug|Any CPU.Deploy.0 = Debug|Any CPU
		{37F4A013-A910-4BEB-9BC9-666898F91978}.Release|Any CPU.ActiveCfg = Release|Any CPU
		{37F4A013-A910-4BEB-9BC9-666898F91978}.Release|Any CPU.Build.0 = Release|Any CPU
		{37F4A013-A910-4BEB-9BC9-666898F91978}.Release|Any CPU.Deploy.0 = Release|Any CPU
	EndGlobalSection
	GlobalSection(SolutionProperties) = preSolution
		HideSolutionNode = FALSE
	EndGlobalSection
	GlobalSection(ExtensibilityGlobals) = postSolution
		SolutionGuid = {C29635D0-DCF0-49B1-810A-57660708A9C8}
	EndGlobalSection
EndGlobal
